// !$*UTF8*$!
{
	archiveVersion = 1;
	classes = {
	};
	objectVersion = 56;
	objects = {

/* Begin PBXBuildFile section */
		7471F1BF2A3294EC004B8D56 /* AppDelegate.swift in Sources */ = {isa = PBXBuildFile; fileRef = 7471F1BE2A3294EC004B8D56 /* AppDelegate.swift */; };
		7471F1C12A3294EC004B8D56 /* SceneDelegate.swift in Sources */ = {isa = PBXBuildFile; fileRef = 7471F1C02A3294EC004B8D56 /* SceneDelegate.swift */; };
		7471F1C82A3294EE004B8D56 /* Assets.xcassets in Resources */ = {isa = PBXBuildFile; fileRef = 7471F1C72A3294EE004B8D56 /* Assets.xcassets */; };
		7471F1CB2A3294EE004B8D56 /* LaunchScreen.storyboard in Resources */ = {isa = PBXBuildFile; fileRef = 7471F1C92A3294EE004B8D56 /* LaunchScreen.storyboard */; };
		7471F1D32A33B733004B8D56 /* SearchVC.swift in Sources */ = {isa = PBXBuildFile; fileRef = 7471F1D22A33B733004B8D56 /* SearchVC.swift */; };
		7471F1D52A33B76C004B8D56 /* FavoritesListVC.swift in Sources */ = {isa = PBXBuildFile; fileRef = 7471F1D42A33B76C004B8D56 /* FavoritesListVC.swift */; };
		7471F1D72A33C54F004B8D56 /* GFButton.swift in Sources */ = {isa = PBXBuildFile; fileRef = 7471F1D62A33C54F004B8D56 /* GFButton.swift */; };
		7471F1D92A33C963004B8D56 /* GFTextField.swift in Sources */ = {isa = PBXBuildFile; fileRef = 7471F1D82A33C963004B8D56 /* GFTextField.swift */; };
		7471F1DB2A35E478004B8D56 /* FollowerListVC.swift in Sources */ = {isa = PBXBuildFile; fileRef = 7471F1DA2A35E478004B8D56 /* FollowerListVC.swift */; };
		7471F1DD2A35EB2A004B8D56 /* GFTitleLabel.swift in Sources */ = {isa = PBXBuildFile; fileRef = 7471F1DC2A35EB2A004B8D56 /* GFTitleLabel.swift */; };
		7471F1DF2A35ECE9004B8D56 /* GFBodyLabel.swift in Sources */ = {isa = PBXBuildFile; fileRef = 7471F1DE2A35ECE9004B8D56 /* GFBodyLabel.swift */; };
		7471F1E12A35EDA9004B8D56 /* GFAlertVC.swift in Sources */ = {isa = PBXBuildFile; fileRef = 7471F1E02A35EDA9004B8D56 /* GFAlertVC.swift */; };
		7471F1E32A368BF8004B8D56 /* UIViewController+Ext.swift in Sources */ = {isa = PBXBuildFile; fileRef = 7471F1E22A368BF8004B8D56 /* UIViewController+Ext.swift */; };
		7471F1EA2A377BBC004B8D56 /* Follower.swift in Sources */ = {isa = PBXBuildFile; fileRef = 7471F1E92A377BBC004B8D56 /* Follower.swift */; };
		7471F1EC2A377C80004B8D56 /* User.swift in Sources */ = {isa = PBXBuildFile; fileRef = 7471F1EB2A377C80004B8D56 /* User.swift */; };
/* End PBXBuildFile section */

/* Begin PBXFileReference section */
		7471F1BB2A3294EC004B8D56 /* TakeHomeProjectSA.app */ = {isa = PBXFileReference; explicitFileType = wrapper.application; includeInIndex = 0; path = TakeHomeProjectSA.app; sourceTree = BUILT_PRODUCTS_DIR; };
		7471F1BE2A3294EC004B8D56 /* AppDelegate.swift */ = {isa = PBXFileReference; lastKnownFileType = sourcecode.swift; path = AppDelegate.swift; sourceTree = "<group>"; };
		7471F1C02A3294EC004B8D56 /* SceneDelegate.swift */ = {isa = PBXFileReference; lastKnownFileType = sourcecode.swift; path = SceneDelegate.swift; sourceTree = "<group>"; };
		7471F1C72A3294EE004B8D56 /* Assets.xcassets */ = {isa = PBXFileReference; lastKnownFileType = folder.assetcatalog; path = Assets.xcassets; sourceTree = "<group>"; };
		7471F1CA2A3294EE004B8D56 /* Base */ = {isa = PBXFileReference; lastKnownFileType = file.storyboard; name = Base; path = Base.lproj/LaunchScreen.storyboard; sourceTree = "<group>"; };
		7471F1CC2A3294EE004B8D56 /* Info.plist */ = {isa = PBXFileReference; lastKnownFileType = text.plist.xml; path = Info.plist; sourceTree = "<group>"; };
		7471F1D22A33B733004B8D56 /* SearchVC.swift */ = {isa = PBXFileReference; lastKnownFileType = sourcecode.swift; path = SearchVC.swift; sourceTree = "<group>"; };
		7471F1D42A33B76C004B8D56 /* FavoritesListVC.swift */ = {isa = PBXFileReference; lastKnownFileType = sourcecode.swift; path = FavoritesListVC.swift; sourceTree = "<group>"; };
		7471F1D62A33C54F004B8D56 /* GFButton.swift */ = {isa = PBXFileReference; lastKnownFileType = sourcecode.swift; path = GFButton.swift; sourceTree = "<group>"; };
		7471F1D82A33C963004B8D56 /* GFTextField.swift */ = {isa = PBXFileReference; lastKnownFileType = sourcecode.swift; path = GFTextField.swift; sourceTree = "<group>"; };
		7471F1DA2A35E478004B8D56 /* FollowerListVC.swift */ = {isa = PBXFileReference; lastKnownFileType = sourcecode.swift; path = FollowerListVC.swift; sourceTree = "<group>"; };
		7471F1DC2A35EB2A004B8D56 /* GFTitleLabel.swift */ = {isa = PBXFileReference; lastKnownFileType = sourcecode.swift; path = GFTitleLabel.swift; sourceTree = "<group>"; };
		7471F1DE2A35ECE9004B8D56 /* GFBodyLabel.swift */ = {isa = PBXFileReference; lastKnownFileType = sourcecode.swift; path = GFBodyLabel.swift; sourceTree = "<group>"; };
		7471F1E02A35EDA9004B8D56 /* GFAlertVC.swift */ = {isa = PBXFileReference; lastKnownFileType = sourcecode.swift; path = GFAlertVC.swift; sourceTree = "<group>"; };
		7471F1E22A368BF8004B8D56 /* UIViewController+Ext.swift */ = {isa = PBXFileReference; lastKnownFileType = sourcecode.swift; path = "UIViewController+Ext.swift"; sourceTree = "<group>"; };
		7471F1E92A377BBC004B8D56 /* Follower.swift */ = {isa = PBXFileReference; lastKnownFileType = sourcecode.swift; path = Follower.swift; sourceTree = "<group>"; };
		7471F1EB2A377C80004B8D56 /* User.swift */ = {isa = PBXFileReference; lastKnownFileType = sourcecode.swift; path = User.swift; sourceTree = "<group>"; };
/* End PBXFileReference section */

/* Begin PBXFrameworksBuildPhase section */
		7471F1B82A3294EC004B8D56 /* Frameworks */ = {
			isa = PBXFrameworksBuildPhase;
			buildActionMask = 2147483647;
			files = (
			);
			runOnlyForDeploymentPostprocessing = 0;
		};
/* End PBXFrameworksBuildPhase section */

/* Begin PBXGroup section */
		7471F1B22A3294EC004B8D56 = {
			isa = PBXGroup;
			children = (
				7471F1BD2A3294EC004B8D56 /* TakeHomeProjectSA */,
				7471F1BC2A3294EC004B8D56 /* Products */,
			);
			sourceTree = "<group>";
		};
		7471F1BC2A3294EC004B8D56 /* Products */ = {
			isa = PBXGroup;
			children = (
				7471F1BB2A3294EC004B8D56 /* TakeHomeProjectSA.app */,
			);
			name = Products;
			sourceTree = "<group>";
		};
		7471F1BD2A3294EC004B8D56 /* TakeHomeProjectSA */ = {
			isa = PBXGroup;
			children = (
				7471F1E82A377B71004B8D56 /* Model */,
				7471F1E62A3690A9004B8D56 /* Extensions */,
				7471F1E52A369069004B8D56 /* Custom Views */,
				7471F1E42A369026004B8D56 /* Screens */,
				7471F1E72A369149004B8D56 /* Support */,
				7471F1CC2A3294EE004B8D56 /* Info.plist */,
			);
			path = TakeHomeProjectSA;
			sourceTree = "<group>";
		};
		7471F1E42A369026004B8D56 /* Screens */ = {
			isa = PBXGroup;
			children = (
				7471F1D22A33B733004B8D56 /* SearchVC.swift */,
				7471F1D42A33B76C004B8D56 /* FavoritesListVC.swift */,
				7471F1DA2A35E478004B8D56 /* FollowerListVC.swift */,
			);
			path = Screens;
			sourceTree = "<group>";
		};
		7471F1E52A369069004B8D56 /* Custom Views */ = {
			isa = PBXGroup;
			children = (
				7471F1E02A35EDA9004B8D56 /* GFAlertVC.swift */,
				7471F1D62A33C54F004B8D56 /* GFButton.swift */,
				7471F1D82A33C963004B8D56 /* GFTextField.swift */,
				7471F1DC2A35EB2A004B8D56 /* GFTitleLabel.swift */,
				7471F1DE2A35ECE9004B8D56 /* GFBodyLabel.swift */,
			);
			path = "Custom Views";
			sourceTree = "<group>";
		};
		7471F1E62A3690A9004B8D56 /* Extensions */ = {
			isa = PBXGroup;
			children = (
				7471F1E22A368BF8004B8D56 /* UIViewController+Ext.swift */,
			);
			path = Extensions;
			sourceTree = "<group>";
		};
		7471F1E72A369149004B8D56 /* Support */ = {
			isa = PBXGroup;
			children = (
				7471F1BE2A3294EC004B8D56 /* AppDelegate.swift */,
				7471F1C02A3294EC004B8D56 /* SceneDelegate.swift */,
				7471F1C72A3294EE004B8D56 /* Assets.xcassets */,
				7471F1C92A3294EE004B8D56 /* LaunchScreen.storyboard */,
			);
			path = Support;
			sourceTree = "<group>";
		};
		7471F1E82A377B71004B8D56 /* Model */ = {
			isa = PBXGroup;
			children = (
				7471F1E92A377BBC004B8D56 /* Follower.swift */,
				7471F1EB2A377C80004B8D56 /* User.swift */,
			);
			path = Model;
			sourceTree = "<group>";
		};
/* End PBXGroup section */

/* Begin PBXNativeTarget section */
		7471F1BA2A3294EC004B8D56 /* TakeHomeProjectSA */ = {
			isa = PBXNativeTarget;
			buildConfigurationList = 7471F1CF2A3294EE004B8D56 /* Build configuration list for PBXNativeTarget "TakeHomeProjectSA" */;
			buildPhases = (
				7471F1B72A3294EC004B8D56 /* Sources */,
				7471F1B82A3294EC004B8D56 /* Frameworks */,
				7471F1B92A3294EC004B8D56 /* Resources */,
			);
			buildRules = (
			);
			dependencies = (
			);
			name = TakeHomeProjectSA;
			productName = TakeHomeProjectSA;
			productReference = 7471F1BB2A3294EC004B8D56 /* TakeHomeProjectSA.app */;
			productType = "com.apple.product-type.application";
		};
/* End PBXNativeTarget section */

/* Begin PBXProject section */
		7471F1B32A3294EC004B8D56 /* Project object */ = {
			isa = PBXProject;
			attributes = {
				BuildIndependentTargetsInParallel = 1;
				LastSwiftUpdateCheck = 1430;
				LastUpgradeCheck = 1430;
				TargetAttributes = {
					7471F1BA2A3294EC004B8D56 = {
						CreatedOnToolsVersion = 14.3.1;
					};
				};
			};
			buildConfigurationList = 7471F1B62A3294EC004B8D56 /* Build configuration list for PBXProject "TakeHomeProjectSA" */;
			compatibilityVersion = "Xcode 14.0";
			developmentRegion = en;
			hasScannedForEncodings = 0;
			knownRegions = (
				en,
				Base,
			);
			mainGroup = 7471F1B22A3294EC004B8D56;
			productRefGroup = 7471F1BC2A3294EC004B8D56 /* Products */;
			projectDirPath = "";
			projectRoot = "";
			targets = (
				7471F1BA2A3294EC004B8D56 /* TakeHomeProjectSA */,
			);
		};
/* End PBXProject section */

/* Begin PBXResourcesBuildPhase section */
		7471F1B92A3294EC004B8D56 /* Resources */ = {
			isa = PBXResourcesBuildPhase;
			buildActionMask = 2147483647;
			files = (
				7471F1CB2A3294EE004B8D56 /* LaunchScreen.storyboard in Resources */,
				7471F1C82A3294EE004B8D56 /* Assets.xcassets in Resources */,
			);
			runOnlyForDeploymentPostprocessing = 0;
		};
/* End PBXResourcesBuildPhase section */

/* Begin PBXSourcesBuildPhase section */
		7471F1B72A3294EC004B8D56 /* Sources */ = {
			isa = PBXSourcesBuildPhase;
			buildActionMask = 2147483647;
			files = (
				7471F1EC2A377C80004B8D56 /* User.swift in Sources */,
				7471F1D92A33C963004B8D56 /* GFTextField.swift in Sources */,
				7471F1D52A33B76C004B8D56 /* FavoritesListVC.swift in Sources */,
				7471F1D72A33C54F004B8D56 /* GFButton.swift in Sources */,
				7471F1E32A368BF8004B8D56 /* UIViewController+Ext.swift in Sources */,
				7471F1D32A33B733004B8D56 /* SearchVC.swift in Sources */,
				7471F1E12A35EDA9004B8D56 /* GFAlertVC.swift in Sources */,
				7471F1DF2A35ECE9004B8D56 /* GFBodyLabel.swift in Sources */,
				7471F1EA2A377BBC004B8D56 /* Follower.swift in Sources */,
				7471F1DD2A35EB2A004B8D56 /* GFTitleLabel.swift in Sources */,
				7471F1DB2A35E478004B8D56 /* FollowerListVC.swift in Sources */,
				7471F1BF2A3294EC004B8D56 /* AppDelegate.swift in Sources */,
				7471F1C12A3294EC004B8D56 /* SceneDelegate.swift in Sources */,
			);
			runOnlyForDeploymentPostprocessing = 0;
		};
/* End PBXSourcesBuildPhase section */

/* Begin PBXVariantGroup section */
		7471F1C92A3294EE004B8D56 /* LaunchScreen.storyboard */ = {
			isa = PBXVariantGroup;
			children = (
				7471F1CA2A3294EE004B8D56 /* Base */,
			);
			name = LaunchScreen.storyboard;
			sourceTree = "<group>";
		};
/* End PBXVariantGroup section */

/* Begin XCBuildConfiguration section */
		7471F1CD2A3294EE004B8D56 /* Debug */ = {
			isa = XCBuildConfiguration;
			buildSettings = {
				ALWAYS_SEARCH_USER_PATHS = NO;
				CLANG_ANALYZER_NONNULL = YES;
				CLANG_ANALYZER_NUMBER_OBJECT_CONVERSION = YES_AGGRESSIVE;
				CLANG_CXX_LANGUAGE_STANDARD = "gnu++20";
				CLANG_ENABLE_MODULES = YES;
				CLANG_ENABLE_OBJC_ARC = YES;
				CLANG_ENABLE_OBJC_WEAK = YES;
				CLANG_WARN_BLOCK_CAPTURE_AUTORELEASING = YES;
				CLANG_WARN_BOOL_CONVERSION = YES;
				CLANG_WARN_COMMA = YES;
				CLANG_WARN_CONSTANT_CONVERSION = YES;
				CLANG_WARN_DEPRECATED_OBJC_IMPLEMENTATIONS = YES;
				CLANG_WARN_DIRECT_OBJC_ISA_USAGE = YES_ERROR;
				CLANG_WARN_DOCUMENTATION_COMMENTS = YES;
				CLANG_WARN_EMPTY_BODY = YES;
				CLANG_WARN_ENUM_CONVERSION = YES;
				CLANG_WARN_INFINITE_RECURSION = YES;
				CLANG_WARN_INT_CONVERSION = YES;
				CLANG_WARN_NON_LITERAL_NULL_CONVERSION = YES;
				CLANG_WARN_OBJC_IMPLICIT_RETAIN_SELF = YES;
				CLANG_WARN_OBJC_LITERAL_CONVERSION = YES;
				CLANG_WARN_OBJC_ROOT_CLASS = YES_ERROR;
				CLANG_WARN_QUOTED_INCLUDE_IN_FRAMEWORK_HEADER = YES;
				CLANG_WARN_RANGE_LOOP_ANALYSIS = YES;
				CLANG_WARN_STRICT_PROTOTYPES = YES;
				CLANG_WARN_SUSPICIOUS_MOVE = YES;
				CLANG_WARN_UNGUARDED_AVAILABILITY = YES_AGGRESSIVE;
				CLANG_WARN_UNREACHABLE_CODE = YES;
				CLANG_WARN__DUPLICATE_METHOD_MATCH = YES;
				COPY_PHASE_STRIP = NO;
				DEBUG_INFORMATION_FORMAT = dwarf;
				ENABLE_STRICT_OBJC_MSGSEND = YES;
				ENABLE_TESTABILITY = YES;
				GCC_C_LANGUAGE_STANDARD = gnu11;
				GCC_DYNAMIC_NO_PIC = NO;
				GCC_NO_COMMON_BLOCKS = YES;
				GCC_OPTIMIZATION_LEVEL = 0;
				GCC_PREPROCESSOR_DEFINITIONS = (
					"DEBUG=1",
					"$(inherited)",
				);
				GCC_WARN_64_TO_32_BIT_CONVERSION = YES;
				GCC_WARN_ABOUT_RETURN_TYPE = YES_ERROR;
				GCC_WARN_UNDECLARED_SELECTOR = YES;
				GCC_WARN_UNINITIALIZED_AUTOS = YES_AGGRESSIVE;
				GCC_WARN_UNUSED_FUNCTION = YES;
				GCC_WARN_UNUSED_VARIABLE = YES;
				IPHONEOS_DEPLOYMENT_TARGET = 16.4;
				MTL_ENABLE_DEBUG_INFO = INCLUDE_SOURCE;
				MTL_FAST_MATH = YES;
				ONLY_ACTIVE_ARCH = YES;
				SDKROOT = iphoneos;
				SWIFT_ACTIVE_COMPILATION_CONDITIONS = DEBUG;
				SWIFT_OPTIMIZATION_LEVEL = "-Onone";
			};
			name = Debug;
		};
		7471F1CE2A3294EE004B8D56 /* Release */ = {
			isa = XCBuildConfiguration;
			buildSettings = {
				ALWAYS_SEARCH_USER_PATHS = NO;
				CLANG_ANALYZER_NONNULL = YES;
				CLANG_ANALYZER_NUMBER_OBJECT_CONVERSION = YES_AGGRESSIVE;
				CLANG_CXX_LANGUAGE_STANDARD = "gnu++20";
				CLANG_ENABLE_MODULES = YES;
				CLANG_ENABLE_OBJC_ARC = YES;
				CLANG_ENABLE_OBJC_WEAK = YES;
				CLANG_WARN_BLOCK_CAPTURE_AUTORELEASING = YES;
				CLANG_WARN_BOOL_CONVERSION = YES;
				CLANG_WARN_COMMA = YES;
				CLANG_WARN_CONSTANT_CONVERSION = YES;
				CLANG_WARN_DEPRECATED_OBJC_IMPLEMENTATIONS = YES;
				CLANG_WARN_DIRECT_OBJC_ISA_USAGE = YES_ERROR;
				CLANG_WARN_DOCUMENTATION_COMMENTS = YES;
				CLANG_WARN_EMPTY_BODY = YES;
				CLANG_WARN_ENUM_CONVERSION = YES;
				CLANG_WARN_INFINITE_RECURSION = YES;
				CLANG_WARN_INT_CONVERSION = YES;
				CLANG_WARN_NON_LITERAL_NULL_CONVERSION = YES;
				CLANG_WARN_OBJC_IMPLICIT_RETAIN_SELF = YES;
				CLANG_WARN_OBJC_LITERAL_CONVERSION = YES;
				CLANG_WARN_OBJC_ROOT_CLASS = YES_ERROR;
				CLANG_WARN_QUOTED_INCLUDE_IN_FRAMEWORK_HEADER = YES;
				CLANG_WARN_RANGE_LOOP_ANALYSIS = YES;
				CLANG_WARN_STRICT_PROTOTYPES = YES;
				CLANG_WARN_SUSPICIOUS_MOVE = YES;
				CLANG_WARN_UNGUARDED_AVAILABILITY = YES_AGGRESSIVE;
				CLANG_WARN_UNREACHABLE_CODE = YES;
				CLANG_WARN__DUPLICATE_METHOD_MATCH = YES;
				COPY_PHASE_STRIP = NO;
				DEBUG_INFORMATION_FORMAT = "dwarf-with-dsym";
				ENABLE_NS_ASSERTIONS = NO;
				ENABLE_STRICT_OBJC_MSGSEND = YES;
				GCC_C_LANGUAGE_STANDARD = gnu11;
				GCC_NO_COMMON_BLOCKS = YES;
				GCC_WARN_64_TO_32_BIT_CONVERSION = YES;
				GCC_WARN_ABOUT_RETURN_TYPE = YES_ERROR;
				GCC_WARN_UNDECLARED_SELECTOR = YES;
				GCC_WARN_UNINITIALIZED_AUTOS = YES_AGGRESSIVE;
				GCC_WARN_UNUSED_FUNCTION = YES;
				GCC_WARN_UNUSED_VARIABLE = YES;
				IPHONEOS_DEPLOYMENT_TARGET = 16.4;
				MTL_ENABLE_DEBUG_INFO = NO;
				MTL_FAST_MATH = YES;
				SDKROOT = iphoneos;
				SWIFT_COMPILATION_MODE = wholemodule;
				SWIFT_OPTIMIZATION_LEVEL = "-O";
				VALIDATE_PRODUCT = YES;
			};
			name = Release;
		};
		7471F1D02A3294EE004B8D56 /* Debug */ = {
			isa = XCBuildConfiguration;
			buildSettings = {
				ASSETCATALOG_COMPILER_APPICON_NAME = AppIcon;
				ASSETCATALOG_COMPILER_GLOBAL_ACCENT_COLOR_NAME = AccentColor;
				CODE_SIGN_STYLE = Automatic;
				CURRENT_PROJECT_VERSION = 1;
				DEVELOPMENT_TEAM = 4A45YWS7LC;
				GENERATE_INFOPLIST_FILE = YES;
				INFOPLIST_FILE = TakeHomeProjectSA/Info.plist;
				INFOPLIST_KEY_UIApplicationSupportsIndirectInputEvents = YES;
				INFOPLIST_KEY_UILaunchStoryboardName = LaunchScreen;
				INFOPLIST_KEY_UIStatusBarStyle = "";
				INFOPLIST_KEY_UISupportedInterfaceOrientations = UIInterfaceOrientationPortrait;
				LD_RUNPATH_SEARCH_PATHS = (
					"$(inherited)",
					"@executable_path/Frameworks",
				);
				MARKETING_VERSION = 1.0;
				PRODUCT_BUNDLE_IDENTIFIER = com.TakeHomeProjectSA;
				PRODUCT_NAME = "$(TARGET_NAME)";
				SWIFT_EMIT_LOC_STRINGS = YES;
				SWIFT_VERSION = 5.0;
				TARGETED_DEVICE_FAMILY = "1,2";
			};
			name = Debug;
		};
		7471F1D12A3294EE004B8D56 /* Release */ = {
			isa = XCBuildConfiguration;
			buildSettings = {
				ASSETCATALOG_COMPILER_APPICON_NAME = AppIcon;
				ASSETCATALOG_COMPILER_GLOBAL_ACCENT_COLOR_NAME = AccentColor;
				CODE_SIGN_STYLE = Automatic;
				CURRENT_PROJECT_VERSION = 1;
				DEVELOPMENT_TEAM = 4A45YWS7LC;
				GENERATE_INFOPLIST_FILE = YES;
				INFOPLIST_FILE = TakeHomeProjectSA/Info.plist;
				INFOPLIST_KEY_UIApplicationSupportsIndirectInputEvents = YES;
				INFOPLIST_KEY_UILaunchStoryboardName = LaunchScreen;
				INFOPLIST_KEY_UIStatusBarStyle = "";
				INFOPLIST_KEY_UISupportedInterfaceOrientations = UIInterfaceOrientationPortrait;
				LD_RUNPATH_SEARCH_PATHS = (
					"$(inherited)",
					"@executable_path/Frameworks",
				);
				MARKETING_VERSION = 1.0;
				PRODUCT_BUNDLE_IDENTIFIER = com.TakeHomeProjectSA;
				PRODUCT_NAME = "$(TARGET_NAME)";
				SWIFT_EMIT_LOC_STRINGS = YES;
				SWIFT_VERSION = 5.0;
				TARGETED_DEVICE_FAMILY = "1,2";
			};
			name = Release;
		};
/* End XCBuildConfiguration section */

/* Begin XCConfigurationList section */
		7471F1B62A3294EC004B8D56 /* Build configuration list for PBXProject "TakeHomeProjectSA" */ = {
			isa = XCConfigurationList;
			buildConfigurations = (
				7471F1CD2A3294EE004B8D56 /* Debug */,
				7471F1CE2A3294EE004B8D56 /* Release */,
			);
			defaultConfigurationIsVisible = 0;
			defaultConfigurationName = Release;
		};
		7471F1CF2A3294EE004B8D56 /* Build configuration list for PBXNativeTarget "TakeHomeProjectSA" */ = {
			isa = XCConfigurationList;
			buildConfigurations = (
				7471F1D02A3294EE004B8D56 /* Debug */,
				7471F1D12A3294EE004B8D56 /* Release */,
			);
			defaultConfigurationIsVisible = 0;
			defaultConfigurationName = Release;
		};
/* End XCConfigurationList section */
	};
	rootObject = 7471F1B32A3294EC004B8D56 /* Project object */;
}
